
Microsoft Visual Studio Solution File, Format Version 12.00
# Visual Studio Version 17
VisualStudioVersion = 17.12.35527.113 d17.12
MinimumVisualStudioVersion = 10.0.40219.1
Project("{FAE04EC0-301F-11D3-BF4B-00C04F79EFBC}") = "Domino_Challenge", "Domino_Challenge\Domino_Challenge.csproj", "{6F6D5D9A-9DFA-4D39-9881-552B4DD4AE1A}"
EndProject
Project("{2150E333-8FDC-42A3-9474-1A3956D46DE8}") = "Tests", "Tests", "{CA398EEB-7D4B-4FB0-A3D5-7789B261C0A7}"
EndProject
Project("{2150E333-8FDC-42A3-9474-1A3956D46DE8}") = "src", "src", "{C8A4A884-1C72-4AE8-8CE6-F0C21D0EF9E8}"
EndProject
Project("{2150E333-8FDC-42A3-9474-1A3956D46DE8}") = "Unit", "Unit", "{447BA764-B923-4F2D-9E7A-9F0B90730917}"
EndProject
Project("{FAE04EC0-301F-11D3-BF4B-00C04F79EFBC}") = "Domino_Challenge.Tests", "Domino_Challenge.Tests\Domino_Challenge.Tests.csproj", "{7C7E8606-1755-4DA1-A0A1-F7A750B9946B}"
EndProject
Global
	GlobalSection(SolutionConfigurationPlatforms) = preSolution
		Debug|Any CPU = Debug|Any CPU
		Release|Any CPU = Release|Any CPU
	EndGlobalSection
	GlobalSection(ProjectConfigurationPlatforms) = postSolution
		{6F6D5D9A-9DFA-4D39-9881-552B4DD4AE1A}.Debug|Any CPU.ActiveCfg = Debug|Any CPU
		{6F6D5D9A-9DFA-4D39-9881-552B4DD4AE1A}.Debug|Any CPU.Build.0 = Debug|Any CPU
		{6F6D5D9A-9DFA-4D39-9881-552B4DD4AE1A}.Release|Any CPU.ActiveCfg = Release|Any CPU
		{6F6D5D9A-9DFA-4D39-9881-552B4DD4AE1A}.Release|Any CPU.Build.0 = Release|Any CPU
		{7C7E8606-1755-4DA1-A0A1-F7A750B9946B}.Debug|Any CPU.ActiveCfg = Debug|Any CPU
		{7C7E8606-1755-4DA1-A0A1-F7A750B9946B}.Debug|Any CPU.Build.0 = Debug|Any CPU
		{7C7E8606-1755-4DA1-A0A1-F7A750B9946B}.Release|Any CPU.ActiveCfg = Release|Any CPU
		{7C7E8606-1755-4DA1-A0A1-F7A750B9946B}.Release|Any CPU.Build.0 = Release|Any CPU
	EndGlobalSection
	GlobalSection(SolutionProperties) = preSolution
		HideSolutionNode = FALSE
	EndGlobalSection
	GlobalSection(NestedProjects) = preSolution
		{6F6D5D9A-9DFA-4D39-9881-552B4DD4AE1A} = {C8A4A884-1C72-4AE8-8CE6-F0C21D0EF9E8}
		{447BA764-B923-4F2D-9E7A-9F0B90730917} = {CA398EEB-7D4B-4FB0-A3D5-7789B261C0A7}
		{7C7E8606-1755-4DA1-A0A1-F7A750B9946B} = {447BA764-B923-4F2D-9E7A-9F0B90730917}
	EndGlobalSection
EndGlobal
